
Microsoft Visual Studio Solution File, Format Version 12.00
# Visual Studio Version 17
VisualStudioVersion = 17.1.32210.238
MinimumVisualStudioVersion = 10.0.40219.1
Project("{FAE04EC0-301F-11D3-BF4B-00C04F79EFBC}") = "TrainerCalender", "TrainerCalender\TrainerCalender.csproj", "{1CFACECD-54CA-4CB0-9F41-AE0C81C309EF}"
EndProject
Global
	GlobalSection(SolutionConfigurationPlatforms) = preSolution
		Debug|Any CPU = Debug|Any CPU
		Release|Any CPU = Release|Any CPU
	EndGlobalSection
	GlobalSection(ProjectConfigurationPlatforms) = postSolution
		{1CFACECD-54CA-4CB0-9F41-AE0C81C309EF}.Debug|Any CPU.ActiveCfg = Debug|Any CPU
		{1CFACECD-54CA-4CB0-9F41-AE0C81C309EF}.Debug|Any CPU.Build.0 = Debug|Any CPU
		{1CFACECD-54CA-4CB0-9F41-AE0C81C309EF}.Release|Any CPU.ActiveCfg = Release|Any CPU
		{1CFACECD-54CA-4CB0-9F41-AE0C81C309EF}.Release|Any CPU.Build.0 = Release|Any CPU
	EndGlobalSection
	GlobalSection(SolutionProperties) = preSolution
		HideSolutionNode = FALSE
	EndGlobalSection
	GlobalSection(ExtensibilityGlobals) = postSolution
		SolutionGuid = {EE95E546-DCA0-4F3F-8449-26BAE5EFD1DA}
	EndGlobalSection
EndGlobal
